
Microsoft Visual Studio Solution File, Format Version 12.00
# Visual Studio Version 17
VisualStudioVersion = 17.0.31903.59
MinimumVisualStudioVersion = 10.0.40219.1
Project("{2150E333-8FDC-42A3-9474-1A3956D46DE8}") = "src", "src", "{F4E22855-60E1-4B10-A0B1-90158DD8D79F}"
EndProject
Project("{6EC3EE1D-3C4E-46DD-8F32-0CC8E7565705}") = "Feliz", "src\Feliz\Feliz.fsproj", "{2ACBA931-65B6-4531-9884-67666C7D36B2}"
EndProject
Project("{6EC3EE1D-3C4E-46DD-8F32-0CC8E7565705}") = "Feliz.CompilerPlugins", "src\Feliz.CompilerPlugins\Feliz.CompilerPlugins.fsproj", "{0CAC3FB4-ED0C-4C64-A6A9-1164C0D9AF42}"
EndProject
Project("{6EC3EE1D-3C4E-46DD-8F32-0CC8E7565705}") = "Feliz.Delay", "src\Feliz.Delay\Feliz.Delay.fsproj", "{55BC4BE0-EAD8-4804-9C69-FC6E934581A7}"
EndProject
Project("{6EC3EE1D-3C4E-46DD-8F32-0CC8E7565705}") = "Feliz.Kawaii", "src\Feliz.Kawaii\Feliz.Kawaii.fsproj", "{CBB7206D-0A18-4597-A1DF-89608B7A9004}"
EndProject
Project("{6EC3EE1D-3C4E-46DD-8F32-0CC8E7565705}") = "Feliz.Listeners", "src\Feliz.Listeners\Feliz.Listeners.fsproj", "{E7E5A633-ABE6-43B7-BB9B-6F08C4ECC087}"
EndProject
Project("{6EC3EE1D-3C4E-46DD-8F32-0CC8E7565705}") = "Feliz.Markdown", "src\Feliz.Markdown\Feliz.Markdown.fsproj", "{1EB913C6-1AB1-43C2-BBEE-DAFDE174C4D1}"
EndProject
Project("{6EC3EE1D-3C4E-46DD-8F32-0CC8E7565705}") = "Feliz.PigeonMaps", "src\Feliz.PigeonMaps\Feliz.PigeonMaps.fsproj", "{7CA21F0A-CA3B-4144-B68B-68FCD7561F40}"
EndProject
Project("{6EC3EE1D-3C4E-46DD-8F32-0CC8E7565705}") = "Feliz.Popover", "src\Feliz.Popover\Feliz.Popover.fsproj", "{D5E2B355-7240-4CDE-9A7B-E0AF6EBEF504}"
EndProject
Project("{6EC3EE1D-3C4E-46DD-8F32-0CC8E7565705}") = "Feliz.Recharts", "src\Feliz.Recharts\Feliz.Recharts.fsproj", "{55E17483-47D8-4AA1-95A9-178932E1D487}"
EndProject
Project("{6EC3EE1D-3C4E-46DD-8F32-0CC8E7565705}") = "Feliz.RoughViz", "src\Feliz.RoughViz\Feliz.RoughViz.fsproj", "{E4ABFA93-D645-420C-B509-6645CDE6EB54}"
EndProject
Project("{6EC3EE1D-3C4E-46DD-8F32-0CC8E7565705}") = "Feliz.SelectSearch", "src\Feliz.SelectSearch\Feliz.SelectSearch.fsproj", "{85CE3827-6AAF-42BA-BE18-511E3276F65B}"
EndProject
Project("{6EC3EE1D-3C4E-46DD-8F32-0CC8E7565705}") = "Feliz.Svelte", "src\Feliz.Svelte\Feliz.Svelte.fsproj", "{764C4F37-7295-4940-8A3F-E2C9FD02F90E}"
EndProject
Project("{6EC3EE1D-3C4E-46DD-8F32-0CC8E7565705}") = "Feliz.SvelteComponent", "src\Feliz.SvelteComponent\Feliz.SvelteComponent.fsproj", "{220E5654-5DE2-40BA-A375-C90CF3768126}"
EndProject
Project("{6EC3EE1D-3C4E-46DD-8F32-0CC8E7565705}") = "Feliz.UseDeferred", "src\Feliz.UseDeferred\Feliz.UseDeferred.fsproj", "{FC7C8508-12A6-4414-BC69-4D0D5A5B61E1}"
EndProject
Project("{6EC3EE1D-3C4E-46DD-8F32-0CC8E7565705}") = "Feliz.UseElmish", "src\Feliz.UseElmish\Feliz.UseElmish.fsproj", "{7CDCDE32-B3FD-48C4-B1AD-21DA3164437E}"
EndProject
Project("{6EC3EE1D-3C4E-46DD-8F32-0CC8E7565705}") = "Feliz.UseMediaQuery", "src\Feliz.UseMediaQuery\Feliz.UseMediaQuery.fsproj", "{947C909E-C857-4E4E-A03E-243B4004884C}"
EndProject
Project("{2150E333-8FDC-42A3-9474-1A3956D46DE8}") = "tests", "tests", "{5BED55CF-2757-46F0-98E9-063F63DD2BCD}"
EndProject
Project("{6EC3EE1D-3C4E-46DD-8F32-0CC8E7565705}") = "Feliz.Tests", "tests\Feliz\Feliz.Tests.fsproj", "{0873D6FA-A9F7-4A00-BDC7-6AB5C5050A3D}"
EndProject
Project("{6EC3EE1D-3C4E-46DD-8F32-0CC8E7565705}") = "Feliz.Delay.Tests", "tests\Feliz.Delay\Feliz.Delay.Tests.fsproj", "{0BC7063D-5EEA-44AD-8000-BB0BAB195ED5}"
EndProject
Project("{6EC3EE1D-3C4E-46DD-8F32-0CC8E7565705}") = "Feliz.UseElmish.Tests", "tests\Feliz.UseElmish\Feliz.UseElmish.Tests.fsproj", "{F260CA19-974D-4015-8B29-6AFB56AC8AAF}"
EndProject
Project("{6EC3EE1D-3C4E-46DD-8F32-0CC8E7565705}") = "Build", "build\Build.fsproj", "{0ABFBDDF-A150-4DEF-AF62-561973AB4E80}"
EndProject
Project("{2150E333-8FDC-42A3-9474-1A3956D46DE8}") = "Solution Items", "Solution Items", "{8B9042E9-9658-4903-A935-EDCF50C421F6}"
	ProjectSection(SolutionItems) = preProject
		.editorconfig = .editorconfig
		Directory.Build.props = Directory.Build.props
		Directory.Packages.props = Directory.Packages.props
		global.json = global.json
		LICENSE = LICENSE
		package-lock.json = package-lock.json
		package.json = package.json
		README.md = README.md
	EndProjectSection
EndProject
Project("{2150E333-8FDC-42A3-9474-1A3956D46DE8}") = "playground", "playground", "{8F1D0581-0DB1-4A66-AF2F-5DA6953333F9}"
EndProject
Project("{6EC3EE1D-3C4E-46DD-8F32-0CC8E7565705}") = "App", "playground\src\App.fsproj", "{A39FCEBC-7CCD-483F-8164-7D3FAFD56564}"
EndProject
Project("{2150E333-8FDC-42A3-9474-1A3956D46DE8}") = "docs", "docs", "{29F0A638-CEF7-404D-B6E2-87048B7F85B9}"
EndProject
Project("{2150E333-8FDC-42A3-9474-1A3956D46DE8}") = "docs", "docs", "{FD6D1D03-23E3-42A5-AA21-47002EDBD841}"
EndProject
Project("{6EC3EE1D-3C4E-46DD-8F32-0CC8E7565705}") = "Feliz.Docs", "docs\docs\feliz-docs\Feliz.Docs.fsproj", "{4DA593C0-C4CA-4CD9-AC92-A7CDBB720B17}"
EndProject
Project("{6EC3EE1D-3C4E-46DD-8F32-0CC8E7565705}") = "Vitest", "src\Vitest\Vitest.fsproj", "{0600420B-2601-42FD-BE2A-D455E465B843}"
EndProject
Project("{6EC3EE1D-3C4E-46DD-8F32-0CC8E7565705}") = "Vitest.JestDom", "src\Vitest.JestDom\Vitest.JestDom.fsproj", "{5853FD1A-4FA7-4B33-B01C-AC7C3D370FDE}"
EndProject
Project("{6EC3EE1D-3C4E-46DD-8F32-0CC8E7565705}") = "Vitest.ReactTestingLibrary", "src\Vitest.ReactTestingLibrary\Vitest.ReactTestingLibrary.fsproj", "{0473A36C-404C-4E77-B63F-AA7593385FD3}"
EndProject
Project("{6EC3EE1D-3C4E-46DD-8F32-0CC8E7565705}") = "Vitest.UserEvent", "src\Vitest.UserEvent\Vitest.UserEvent.fsproj", "{188B5200-BE59-4025-AEF3-CFE21B401CED}"
EndProject
Project("{6EC3EE1D-3C4E-46DD-8F32-0CC8E7565705}") = "Test.Globals", "tests\Globals\Test.Globals.fsproj", "{022533DD-BB75-4E25-A41E-98464EF216B4}"
EndProject
Project("{6EC3EE1D-3C4E-46DD-8F32-0CC8E7565705}") = "Vitest.Test", "tests\Vitest\Vitest.Test.fsproj", "{032B3C6B-975D-423C-9FED-0F3D60BC5831}"
EndProject
Project("{6EC3EE1D-3C4E-46DD-8F32-0CC8E7565705}") = "Vitest.ReactTestingLibrary.Test", "tests\Vitest.ReactTestingLibrary\Vitest.ReactTestingLibrary.Test.fsproj", "{2293DA74-1D02-4894-A43E-96009C77F6CF}"
EndProject
Global
	GlobalSection(SolutionConfigurationPlatforms) = preSolution
		Debug|Any CPU = Debug|Any CPU
		Release|Any CPU = Release|Any CPU
	EndGlobalSection
	GlobalSection(ProjectConfigurationPlatforms) = postSolution
		{2ACBA931-65B6-4531-9884-67666C7D36B2}.Debug|Any CPU.ActiveCfg = Debug|Any CPU
		{2ACBA931-65B6-4531-9884-67666C7D36B2}.Debug|Any CPU.Build.0 = Debug|Any CPU
		{2ACBA931-65B6-4531-9884-67666C7D36B2}.Release|Any CPU.ActiveCfg = Release|Any CPU
		{2ACBA931-65B6-4531-9884-67666C7D36B2}.Release|Any CPU.Build.0 = Release|Any CPU
		{0CAC3FB4-ED0C-4C64-A6A9-1164C0D9AF42}.Debug|Any CPU.ActiveCfg = Debug|Any CPU
		{0CAC3FB4-ED0C-4C64-A6A9-1164C0D9AF42}.Debug|Any CPU.Build.0 = Debug|Any CPU
		{0CAC3FB4-ED0C-4C64-A6A9-1164C0D9AF42}.Release|Any CPU.ActiveCfg = Release|Any CPU
		{0CAC3FB4-ED0C-4C64-A6A9-1164C0D9AF42}.Release|Any CPU.Build.0 = Release|Any CPU
		{55BC4BE0-EAD8-4804-9C69-FC6E934581A7}.Debug|Any CPU.ActiveCfg = Debug|Any CPU
		{55BC4BE0-EAD8-4804-9C69-FC6E934581A7}.Debug|Any CPU.Build.0 = Debug|Any CPU
		{55BC4BE0-EAD8-4804-9C69-FC6E934581A7}.Release|Any CPU.ActiveCfg = Release|Any CPU
		{55BC4BE0-EAD8-4804-9C69-FC6E934581A7}.Release|Any CPU.Build.0 = Release|Any CPU
		{CBB7206D-0A18-4597-A1DF-89608B7A9004}.Debug|Any CPU.ActiveCfg = Debug|Any CPU
		{CBB7206D-0A18-4597-A1DF-89608B7A9004}.Debug|Any CPU.Build.0 = Debug|Any CPU
		{CBB7206D-0A18-4597-A1DF-89608B7A9004}.Release|Any CPU.ActiveCfg = Release|Any CPU
		{CBB7206D-0A18-4597-A1DF-89608B7A9004}.Release|Any CPU.Build.0 = Release|Any CPU
		{E7E5A633-ABE6-43B7-BB9B-6F08C4ECC087}.Debug|Any CPU.ActiveCfg = Debug|Any CPU
		{E7E5A633-ABE6-43B7-BB9B-6F08C4ECC087}.Debug|Any CPU.Build.0 = Debug|Any CPU
		{E7E5A633-ABE6-43B7-BB9B-6F08C4ECC087}.Release|Any CPU.ActiveCfg = Release|Any CPU
		{E7E5A633-ABE6-43B7-BB9B-6F08C4ECC087}.Release|Any CPU.Build.0 = Release|Any CPU
		{1EB913C6-1AB1-43C2-BBEE-DAFDE174C4D1}.Debug|Any CPU.ActiveCfg = Debug|Any CPU
		{1EB913C6-1AB1-43C2-BBEE-DAFDE174C4D1}.Debug|Any CPU.Build.0 = Debug|Any CPU
		{1EB913C6-1AB1-43C2-BBEE-DAFDE174C4D1}.Release|Any CPU.ActiveCfg = Release|Any CPU
		{1EB913C6-1AB1-43C2-BBEE-DAFDE174C4D1}.Release|Any CPU.Build.0 = Release|Any CPU
		{7CA21F0A-CA3B-4144-B68B-68FCD7561F40}.Debug|Any CPU.ActiveCfg = Debug|Any CPU
		{7CA21F0A-CA3B-4144-B68B-68FCD7561F40}.Debug|Any CPU.Build.0 = Debug|Any CPU
		{7CA21F0A-CA3B-4144-B68B-68FCD7561F40}.Release|Any CPU.ActiveCfg = Release|Any CPU
		{7CA21F0A-CA3B-4144-B68B-68FCD7561F40}.Release|Any CPU.Build.0 = Release|Any CPU
		{D5E2B355-7240-4CDE-9A7B-E0AF6EBEF504}.Debug|Any CPU.ActiveCfg = Debug|Any CPU
		{D5E2B355-7240-4CDE-9A7B-E0AF6EBEF504}.Debug|Any CPU.Build.0 = Debug|Any CPU
		{D5E2B355-7240-4CDE-9A7B-E0AF6EBEF504}.Release|Any CPU.ActiveCfg = Release|Any CPU
		{D5E2B355-7240-4CDE-9A7B-E0AF6EBEF504}.Release|Any CPU.Build.0 = Release|Any CPU
		{55E17483-47D8-4AA1-95A9-178932E1D487}.Debug|Any CPU.ActiveCfg = Debug|Any CPU
		{55E17483-47D8-4AA1-95A9-178932E1D487}.Debug|Any CPU.Build.0 = Debug|Any CPU
		{55E17483-47D8-4AA1-95A9-178932E1D487}.Release|Any CPU.ActiveCfg = Release|Any CPU
		{55E17483-47D8-4AA1-95A9-178932E1D487}.Release|Any CPU.Build.0 = Release|Any CPU
		{E4ABFA93-D645-420C-B509-6645CDE6EB54}.Debug|Any CPU.ActiveCfg = Debug|Any CPU
		{E4ABFA93-D645-420C-B509-6645CDE6EB54}.Debug|Any CPU.Build.0 = Debug|Any CPU
		{E4ABFA93-D645-420C-B509-6645CDE6EB54}.Release|Any CPU.ActiveCfg = Release|Any CPU
		{E4ABFA93-D645-420C-B509-6645CDE6EB54}.Release|Any CPU.Build.0 = Release|Any CPU
		{85CE3827-6AAF-42BA-BE18-511E3276F65B}.Debug|Any CPU.ActiveCfg = Debug|Any CPU
		{85CE3827-6AAF-42BA-BE18-511E3276F65B}.Debug|Any CPU.Build.0 = Debug|Any CPU
		{85CE3827-6AAF-42BA-BE18-511E3276F65B}.Release|Any CPU.ActiveCfg = Release|Any CPU
		{85CE3827-6AAF-42BA-BE18-511E3276F65B}.Release|Any CPU.Build.0 = Release|Any CPU
		{764C4F37-7295-4940-8A3F-E2C9FD02F90E}.Debug|Any CPU.ActiveCfg = Debug|Any CPU
		{764C4F37-7295-4940-8A3F-E2C9FD02F90E}.Debug|Any CPU.Build.0 = Debug|Any CPU
		{764C4F37-7295-4940-8A3F-E2C9FD02F90E}.Release|Any CPU.ActiveCfg = Release|Any CPU
		{764C4F37-7295-4940-8A3F-E2C9FD02F90E}.Release|Any CPU.Build.0 = Release|Any CPU
		{220E5654-5DE2-40BA-A375-C90CF3768126}.Debug|Any CPU.ActiveCfg = Debug|Any CPU
		{220E5654-5DE2-40BA-A375-C90CF3768126}.Debug|Any CPU.Build.0 = Debug|Any CPU
		{220E5654-5DE2-40BA-A375-C90CF3768126}.Release|Any CPU.ActiveCfg = Release|Any CPU
		{220E5654-5DE2-40BA-A375-C90CF3768126}.Release|Any CPU.Build.0 = Release|Any CPU
		{FC7C8508-12A6-4414-BC69-4D0D5A5B61E1}.Debug|Any CPU.ActiveCfg = Debug|Any CPU
		{FC7C8508-12A6-4414-BC69-4D0D5A5B61E1}.Debug|Any CPU.Build.0 = Debug|Any CPU
		{FC7C8508-12A6-4414-BC69-4D0D5A5B61E1}.Release|Any CPU.ActiveCfg = Release|Any CPU
		{FC7C8508-12A6-4414-BC69-4D0D5A5B61E1}.Release|Any CPU.Build.0 = Release|Any CPU
		{7CDCDE32-B3FD-48C4-B1AD-21DA3164437E}.Debug|Any CPU.ActiveCfg = Debug|Any CPU
		{7CDCDE32-B3FD-48C4-B1AD-21DA3164437E}.Debug|Any CPU.Build.0 = Debug|Any CPU
		{7CDCDE32-B3FD-48C4-B1AD-21DA3164437E}.Release|Any CPU.ActiveCfg = Release|Any CPU
		{7CDCDE32-B3FD-48C4-B1AD-21DA3164437E}.Release|Any CPU.Build.0 = Release|Any CPU
		{947C909E-C857-4E4E-A03E-243B4004884C}.Debug|Any CPU.ActiveCfg = Debug|Any CPU
		{947C909E-C857-4E4E-A03E-243B4004884C}.Debug|Any CPU.Build.0 = Debug|Any CPU
		{947C909E-C857-4E4E-A03E-243B4004884C}.Release|Any CPU.ActiveCfg = Release|Any CPU
		{947C909E-C857-4E4E-A03E-243B4004884C}.Release|Any CPU.Build.0 = Release|Any CPU
		{0873D6FA-A9F7-4A00-BDC7-6AB5C5050A3D}.Debug|Any CPU.ActiveCfg = Debug|Any CPU
		{0873D6FA-A9F7-4A00-BDC7-6AB5C5050A3D}.Debug|Any CPU.Build.0 = Debug|Any CPU
		{0873D6FA-A9F7-4A00-BDC7-6AB5C5050A3D}.Release|Any CPU.ActiveCfg = Release|Any CPU
		{0873D6FA-A9F7-4A00-BDC7-6AB5C5050A3D}.Release|Any CPU.Build.0 = Release|Any CPU
		{0BC7063D-5EEA-44AD-8000-BB0BAB195ED5}.Debug|Any CPU.ActiveCfg = Debug|Any CPU
		{0BC7063D-5EEA-44AD-8000-BB0BAB195ED5}.Debug|Any CPU.Build.0 = Debug|Any CPU
		{0BC7063D-5EEA-44AD-8000-BB0BAB195ED5}.Release|Any CPU.ActiveCfg = Release|Any CPU
		{0BC7063D-5EEA-44AD-8000-BB0BAB195ED5}.Release|Any CPU.Build.0 = Release|Any CPU
		{F260CA19-974D-4015-8B29-6AFB56AC8AAF}.Debug|Any CPU.ActiveCfg = Debug|Any CPU
		{F260CA19-974D-4015-8B29-6AFB56AC8AAF}.Debug|Any CPU.Build.0 = Debug|Any CPU
		{F260CA19-974D-4015-8B29-6AFB56AC8AAF}.Release|Any CPU.ActiveCfg = Release|Any CPU
		{F260CA19-974D-4015-8B29-6AFB56AC8AAF}.Release|Any CPU.Build.0 = Release|Any CPU
		{0ABFBDDF-A150-4DEF-AF62-561973AB4E80}.Debug|Any CPU.ActiveCfg = Debug|Any CPU
		{0ABFBDDF-A150-4DEF-AF62-561973AB4E80}.Debug|Any CPU.Build.0 = Debug|Any CPU
		{0ABFBDDF-A150-4DEF-AF62-561973AB4E80}.Release|Any CPU.ActiveCfg = Release|Any CPU
		{0ABFBDDF-A150-4DEF-AF62-561973AB4E80}.Release|Any CPU.Build.0 = Release|Any CPU
		{A39FCEBC-7CCD-483F-8164-7D3FAFD56564}.Debug|Any CPU.ActiveCfg = Debug|Any CPU
		{A39FCEBC-7CCD-483F-8164-7D3FAFD56564}.Debug|Any CPU.Build.0 = Debug|Any CPU
		{A39FCEBC-7CCD-483F-8164-7D3FAFD56564}.Release|Any CPU.ActiveCfg = Release|Any CPU
		{A39FCEBC-7CCD-483F-8164-7D3FAFD56564}.Release|Any CPU.Build.0 = Release|Any CPU
		{4DA593C0-C4CA-4CD9-AC92-A7CDBB720B17}.Debug|Any CPU.ActiveCfg = Debug|Any CPU
		{4DA593C0-C4CA-4CD9-AC92-A7CDBB720B17}.Debug|Any CPU.Build.0 = Debug|Any CPU
		{4DA593C0-C4CA-4CD9-AC92-A7CDBB720B17}.Release|Any CPU.ActiveCfg = Release|Any CPU
		{4DA593C0-C4CA-4CD9-AC92-A7CDBB720B17}.Release|Any CPU.Build.0 = Release|Any CPU
		{0600420B-2601-42FD-BE2A-D455E465B843}.Debug|Any CPU.ActiveCfg = Debug|Any CPU
		{0600420B-2601-42FD-BE2A-D455E465B843}.Debug|Any CPU.Build.0 = Debug|Any CPU
		{0600420B-2601-42FD-BE2A-D455E465B843}.Release|Any CPU.ActiveCfg = Release|Any CPU
		{0600420B-2601-42FD-BE2A-D455E465B843}.Release|Any CPU.Build.0 = Release|Any CPU
		{5853FD1A-4FA7-4B33-B01C-AC7C3D370FDE}.Debug|Any CPU.ActiveCfg = Debug|Any CPU
		{5853FD1A-4FA7-4B33-B01C-AC7C3D370FDE}.Debug|Any CPU.Build.0 = Debug|Any CPU
		{5853FD1A-4FA7-4B33-B01C-AC7C3D370FDE}.Release|Any CPU.ActiveCfg = Release|Any CPU
		{5853FD1A-4FA7-4B33-B01C-AC7C3D370FDE}.Release|Any CPU.Build.0 = Release|Any CPU
		{0473A36C-404C-4E77-B63F-AA7593385FD3}.Debug|Any CPU.ActiveCfg = Debug|Any CPU
		{0473A36C-404C-4E77-B63F-AA7593385FD3}.Debug|Any CPU.Build.0 = Debug|Any CPU
		{0473A36C-404C-4E77-B63F-AA7593385FD3}.Release|Any CPU.ActiveCfg = Release|Any CPU
		{0473A36C-404C-4E77-B63F-AA7593385FD3}.Release|Any CPU.Build.0 = Release|Any CPU
		{188B5200-BE59-4025-AEF3-CFE21B401CED}.Debug|Any CPU.ActiveCfg = Debug|Any CPU
		{188B5200-BE59-4025-AEF3-CFE21B401CED}.Debug|Any CPU.Build.0 = Debug|Any CPU
		{188B5200-BE59-4025-AEF3-CFE21B401CED}.Release|Any CPU.ActiveCfg = Release|Any CPU
		{188B5200-BE59-4025-AEF3-CFE21B401CED}.Release|Any CPU.Build.0 = Release|Any CPU
		{022533DD-BB75-4E25-A41E-98464EF216B4}.Debug|Any CPU.ActiveCfg = Debug|Any CPU
		{022533DD-BB75-4E25-A41E-98464EF216B4}.Debug|Any CPU.Build.0 = Debug|Any CPU
		{022533DD-BB75-4E25-A41E-98464EF216B4}.Release|Any CPU.ActiveCfg = Release|Any CPU
		{022533DD-BB75-4E25-A41E-98464EF216B4}.Release|Any CPU.Build.0 = Release|Any CPU
		{032B3C6B-975D-423C-9FED-0F3D60BC5831}.Debug|Any CPU.ActiveCfg = Debug|Any CPU
		{032B3C6B-975D-423C-9FED-0F3D60BC5831}.Debug|Any CPU.Build.0 = Debug|Any CPU
		{032B3C6B-975D-423C-9FED-0F3D60BC5831}.Release|Any CPU.ActiveCfg = Release|Any CPU
		{032B3C6B-975D-423C-9FED-0F3D60BC5831}.Release|Any CPU.Build.0 = Release|Any CPU
		{2293DA74-1D02-4894-A43E-96009C77F6CF}.Debug|Any CPU.ActiveCfg = Debug|Any CPU
		{2293DA74-1D02-4894-A43E-96009C77F6CF}.Debug|Any CPU.Build.0 = Debug|Any CPU
		{2293DA74-1D02-4894-A43E-96009C77F6CF}.Release|Any CPU.ActiveCfg = Release|Any CPU
		{2293DA74-1D02-4894-A43E-96009C77F6CF}.Release|Any CPU.Build.0 = Release|Any CPU
	EndGlobalSection
	GlobalSection(SolutionProperties) = preSolution
		HideSolutionNode = FALSE
	EndGlobalSection
	GlobalSection(NestedProjects) = preSolution
		{2ACBA931-65B6-4531-9884-67666C7D36B2} = {F4E22855-60E1-4B10-A0B1-90158DD8D79F}
		{0CAC3FB4-ED0C-4C64-A6A9-1164C0D9AF42} = {F4E22855-60E1-4B10-A0B1-90158DD8D79F}
		{55BC4BE0-EAD8-4804-9C69-FC6E934581A7} = {F4E22855-60E1-4B10-A0B1-90158DD8D79F}
		{CBB7206D-0A18-4597-A1DF-89608B7A9004} = {F4E22855-60E1-4B10-A0B1-90158DD8D79F}
		{E7E5A633-ABE6-43B7-BB9B-6F08C4ECC087} = {F4E22855-60E1-4B10-A0B1-90158DD8D79F}
		{1EB913C6-1AB1-43C2-BBEE-DAFDE174C4D1} = {F4E22855-60E1-4B10-A0B1-90158DD8D79F}
		{7CA21F0A-CA3B-4144-B68B-68FCD7561F40} = {F4E22855-60E1-4B10-A0B1-90158DD8D79F}
		{D5E2B355-7240-4CDE-9A7B-E0AF6EBEF504} = {F4E22855-60E1-4B10-A0B1-90158DD8D79F}
		{55E17483-47D8-4AA1-95A9-178932E1D487} = {F4E22855-60E1-4B10-A0B1-90158DD8D79F}
		{E4ABFA93-D645-420C-B509-6645CDE6EB54} = {F4E22855-60E1-4B10-A0B1-90158DD8D79F}
		{85CE3827-6AAF-42BA-BE18-511E3276F65B} = {F4E22855-60E1-4B10-A0B1-90158DD8D79F}
		{764C4F37-7295-4940-8A3F-E2C9FD02F90E} = {F4E22855-60E1-4B10-A0B1-90158DD8D79F}
		{220E5654-5DE2-40BA-A375-C90CF3768126} = {F4E22855-60E1-4B10-A0B1-90158DD8D79F}
		{FC7C8508-12A6-4414-BC69-4D0D5A5B61E1} = {F4E22855-60E1-4B10-A0B1-90158DD8D79F}
		{7CDCDE32-B3FD-48C4-B1AD-21DA3164437E} = {F4E22855-60E1-4B10-A0B1-90158DD8D79F}
		{947C909E-C857-4E4E-A03E-243B4004884C} = {F4E22855-60E1-4B10-A0B1-90158DD8D79F}
		{0873D6FA-A9F7-4A00-BDC7-6AB5C5050A3D} = {5BED55CF-2757-46F0-98E9-063F63DD2BCD}
		{0BC7063D-5EEA-44AD-8000-BB0BAB195ED5} = {5BED55CF-2757-46F0-98E9-063F63DD2BCD}
		{F260CA19-974D-4015-8B29-6AFB56AC8AAF} = {5BED55CF-2757-46F0-98E9-063F63DD2BCD}
		{A39FCEBC-7CCD-483F-8164-7D3FAFD56564} = {8F1D0581-0DB1-4A66-AF2F-5DA6953333F9}
		{FD6D1D03-23E3-42A5-AA21-47002EDBD841} = {29F0A638-CEF7-404D-B6E2-87048B7F85B9}
		{4DA593C0-C4CA-4CD9-AC92-A7CDBB720B17} = {FD6D1D03-23E3-42A5-AA21-47002EDBD841}
		{0600420B-2601-42FD-BE2A-D455E465B843} = {F4E22855-60E1-4B10-A0B1-90158DD8D79F}
		{5853FD1A-4FA7-4B33-B01C-AC7C3D370FDE} = {F4E22855-60E1-4B10-A0B1-90158DD8D79F}
		{0473A36C-404C-4E77-B63F-AA7593385FD3} = {F4E22855-60E1-4B10-A0B1-90158DD8D79F}
		{188B5200-BE59-4025-AEF3-CFE21B401CED} = {F4E22855-60E1-4B10-A0B1-90158DD8D79F}
		{022533DD-BB75-4E25-A41E-98464EF216B4} = {5BED55CF-2757-46F0-98E9-063F63DD2BCD}
		{032B3C6B-975D-423C-9FED-0F3D60BC5831} = {5BED55CF-2757-46F0-98E9-063F63DD2BCD}
		{2293DA74-1D02-4894-A43E-96009C77F6CF} = {5BED55CF-2757-46F0-98E9-063F63DD2BCD}
	EndGlobalSection
	GlobalSection(ExtensibilityGlobals) = postSolution
		SolutionGuid = {08484504-7B02-4898-B0AD-51F03D2767E6}
	EndGlobalSection
EndGlobal
