{
  "version": 2,
  "dependencies": {
    ".NETStandard,Version=v2.0": {
      "EasyBuild.PackageReleaseNotes.Tasks": {
        "type": "Direct",
        "requested": "[2.0.0, )",
        "resolved": "2.0.0",
        "contentHash": "jebz09lxa6pEJzft9Tr/PSNt5r7AVt5xmX3g4Ra+nLU1qtSrOh+hFgsywGn7fVME3LpbzhlX+2J8F7G9y3PxUQ=="
      },
      "Fable.AST": {
        "type": "Direct",
        "requested": "[5.0.0-beta.3, )",
        "resolved": "5.0.0-beta.3",
        "contentHash": "4mK/Rma6ZBi9/G/p+u3DvpsEroFH3KHT2B7vwT6TeL6pjbK68AYW8ZzllbnI6t1gS/HvojJu7TYx8GDRhziVcQ=="
      },
      "FSharp.Core": {
        "type": "Direct",
        "requested": "[8.0.401, )",
        "resolved": "8.0.401",
        "contentHash": "pvmquLrs82m8WqWB49Gj+hsmnWURkUbc++pJ0P2NdrEv1ZVVrhDNjSiFNP4wW4HiTowwaRhjiBc5IKNV35Vf/A=="
      },
      "NETStandard.Library": {
        "type": "Direct",
        "requested": "[2.0.3, )",
        "resolved": "2.0.3",
        "contentHash": "st47PosZSHrjECdjeIzZQbzivYBJFv6P2nv4cj2ypdI204DO+vZ7l5raGMiX4eXMJ53RfOIg+/s4DHVZ54Nu2A==",
        "dependencies": {
          "Microsoft.NETCore.Platforms": "1.1.0"
        }
      },
      "Microsoft.NETCore.Platforms": {
        "type": "Transitive",
        "resolved": "1.1.0",
        "contentHash": "kz0PEW2lhqygehI/d6XsPCQzD7ff7gUJaVGPVETX611eadGsA3A877GdSlU0LRVMCTH/+P3o2iDTak+S08V2+A=="
      }
    }
  }
}